// !$*UTF8*$!
{
	archiveVersion = 1;
	classes = {
	};
	objectVersion = 46;
	objects = {

/* Begin PBXBuildFile section */
		F40490C61D02C0A50023687B /* AppDelegate.swift in Sources */ = {isa = PBXBuildFile; fileRef = F40490C51D02C0A50023687B /* AppDelegate.swift */; };
		F40490C81D02C0A50023687B /* ViewController.swift in Sources */ = {isa = PBXBuildFile; fileRef = F40490C71D02C0A50023687B /* ViewController.swift */; };
		F40490CB1D02C0A50023687B /* Main.storyboard in Resources */ = {isa = PBXBuildFile; fileRef = F40490C91D02C0A50023687B /* Main.storyboard */; };
		F40490CD1D02C0A50023687B /* Assets.xcassets in Resources */ = {isa = PBXBuildFile; fileRef = F40490CC1D02C0A50023687B /* Assets.xcassets */; };
		F40490D01D02C0A50023687B /* LaunchScreen.storyboard in Resources */ = {isa = PBXBuildFile; fileRef = F40490CE1D02C0A50023687B /* LaunchScreen.storyboard */; };
		F40490DB1D02C0A50023687B /* calculatorTests.swift in Sources */ = {isa = PBXBuildFile; fileRef = F40490DA1D02C0A50023687B /* calculatorTests.swift */; };
		F40490E61D02C0A50023687B /* calculatorUITests.swift in Sources */ = {isa = PBXBuildFile; fileRef = F40490E51D02C0A50023687B /* calculatorUITests.swift */; };
/* End PBXBuildFile section */

/* Begin PBXContainerItemProxy section */
		F40490D71D02C0A50023687B /* PBXContainerItemProxy */ = {
			isa = PBXContainerItemProxy;
			containerPortal = F40490BA1D02C0A50023687B /* Project object */;
			proxyType = 1;
			remoteGlobalIDString = F40490C11D02C0A50023687B;
			remoteInfo = calculator;
		};
		F40490E21D02C0A50023687B /* PBXContainerItemProxy */ = {
			isa = PBXContainerItemProxy;
			containerPortal = F40490BA1D02C0A50023687B /* Project object */;
			proxyType = 1;
			remoteGlobalIDString = F40490C11D02C0A50023687B;
			remoteInfo = calculator;
		};
/* End PBXContainerItemProxy section */

/* Begin PBXFileReference section */
		F40490C21D02C0A50023687B /* calculator.app */ = {isa = PBXFileReference; explicitFileType = wrapper.application; includeInIndex = 0; path = calculator.app; sourceTree = BUILT_PRODUCTS_DIR; };
		F40490C51D02C0A50023687B /* AppDelegate.swift */ = {isa = PBXFileReference; lastKnownFileType = sourcecode.swift; path = AppDelegate.swift; sourceTree = "<group>"; };
		F40490C71D02C0A50023687B /* ViewController.swift */ = {isa = PBXFileReference; lastKnownFileType = sourcecode.swift; path = ViewController.swift; sourceTree = "<group>"; };
		F40490CA1D02C0A50023687B /* Base */ = {isa = PBXFileReference; lastKnownFileType = file.storyboard; name = Base; path = Base.lproj/Main.storyboard; sourceTree = "<group>"; };
		F40490CC1D02C0A50023687B /* Assets.xcassets */ = {isa = PBXFileReference; lastKnownFileType = folder.assetcatalog; path = Assets.xcassets; sourceTree = "<group>"; };
		F40490CF1D02C0A50023687B /* Base */ = {isa = PBXFileReference; lastKnownFileType = file.storyboard; name = Base; path = Base.lproj/LaunchScreen.storyboard; sourceTree = "<group>"; };
		F40490D11D02C0A50023687B /* Info.plist */ = {isa = PBXFileReference; lastKnownFileType = text.plist.xml; path = Info.plist; sourceTree = "<group>"; };
		F40490D61D02C0A50023687B /* calculatorTests.xctest */ = {isa = PBXFileReference; explicitFileType = wrapper.cfbundle; includeInIndex = 0; path = calculatorTests.xctest; sourceTree = BUILT_PRODUCTS_DIR; };
		F40490DA1D02C0A50023687B /* calculatorTests.swift */ = {isa = PBXFileReference; lastKnownFileType = sourcecode.swift; path = calculatorTests.swift; sourceTree = "<group>"; };
		F40490DC1D02C0A50023687B /* Info.plist */ = {isa = PBXFileReference; lastKnownFileType = text.plist.xml; path = Info.plist; sourceTree = "<group>"; };
		F40490E11D02C0A50023687B /* calculatorUITests.xctest */ = {isa = PBXFileReference; explicitFileType = wrapper.cfbundle; includeInIndex = 0; path = calculatorUITests.xctest; sourceTree = BUILT_PRODUCTS_DIR; };
		F40490E51D02C0A50023687B /* calculatorUITests.swift */ = {isa = PBXFileReference; lastKnownFileType = sourcecode.swift; path = calculatorUITests.swift; sourceTree = "<group>"; };
		F40490E71D02C0A50023687B /* Info.plist */ = {isa = PBXFileReference; lastKnownFileType = text.plist.xml; path = Info.plist; sourceTree = "<group>"; };
/* End PBXFileReference section */

/* Begin PBXFrameworksBuildPhase section */
		F40490BF1D02C0A50023687B /* Frameworks */ = {
			isa = PBXFrameworksBuildPhase;
			buildActionMask = 2147483647;
			files = (
			);
			runOnlyForDeploymentPostprocessing = 0;
		};
		F40490D31D02C0A50023687B /* Frameworks */ = {
			isa = PBXFrameworksBuildPhase;
			buildActionMask = 2147483647;
			files = (
			);
			runOnlyForDeploymentPostprocessing = 0;
		};
		F40490DE1D02C0A50023687B /* Frameworks */ = {
			isa = PBXFrameworksBuildPhase;
			buildActionMask = 2147483647;
			files = (
			);
			runOnlyForDeploymentPostprocessing = 0;
		};
/* End PBXFrameworksBuildPhase section */

/* Begin PBXGroup section */
		F40490B91D02C0A50023687B = {
			isa = PBXGroup;
			children = (
				F40490C41D02C0A50023687B /* calculator */,
				F40490D91D02C0A50023687B /* calculatorTests */,
				F40490E41D02C0A50023687B /* calculatorUITests */,
				F40490C31D02C0A50023687B /* Products */,
			);
			sourceTree = "<group>";
		};
		F40490C31D02C0A50023687B /* Products */ = {
			isa = PBXGroup;
			children = (
				F40490C21D02C0A50023687B /* calculator.app */,
				F40490D61D02C0A50023687B /* calculatorTests.xctest */,
				F40490E11D02C0A50023687B /* calculatorUITests.xctest */,
			);
			name = Products;
			sourceTree = "<group>";
		};
		F40490C41D02C0A50023687B /* calculator */ = {
			isa = PBXGroup;
			children = (
				F40490C51D02C0A50023687B /* AppDelegate.swift */,
				F40490C71D02C0A50023687B /* ViewController.swift */,
				F40490C91D02C0A50023687B /* Main.storyboard */,
				F40490CC1D02C0A50023687B /* Assets.xcassets */,
				F40490CE1D02C0A50023687B /* LaunchScreen.storyboard */,
				F40490D11D02C0A50023687B /* Info.plist */,
			);
			path = calculator;
			sourceTree = "<group>";
		};
		F40490D91D02C0A50023687B /* calculatorTests */ = {
			isa = PBXGroup;
			children = (
				F40490DA1D02C0A50023687B /* calculatorTests.swift */,
				F40490DC1D02C0A50023687B /* Info.plist */,
			);
			path = calculatorTests;
			sourceTree = "<group>";
		};
		F40490E41D02C0A50023687B /* calculatorUITests */ = {
			isa = PBXGroup;
			children = (
				F40490E51D02C0A50023687B /* calculatorUITests.swift */,
				F40490E71D02C0A50023687B /* Info.plist */,
			);
			path = calculatorUITests;
			sourceTree = "<group>";
		};
/* End PBXGroup section */

/* Begin PBXNativeTarget section */
		F40490C11D02C0A50023687B /* calculator */ = {
			isa = PBXNativeTarget;
			buildConfigurationList = F40490EA1D02C0A50023687B /* Build configuration list for PBXNativeTarget "calculator" */;
			buildPhases = (
				F40490BE1D02C0A50023687B /* Sources */,
				F40490BF1D02C0A50023687B /* Frameworks */,
				F40490C01D02C0A50023687B /* Resources */,
			);
			buildRules = (
			);
			dependencies = (
			);
			name = calculator;
			productName = calculator;
			productReference = F40490C21D02C0A50023687B /* calculator.app */;
			productType = "com.apple.product-type.application";
		};
		F40490D51D02C0A50023687B /* calculatorTests */ = {
			isa = PBXNativeTarget;
			buildConfigurationList = F40490ED1D02C0A50023687B /* Build configuration list for PBXNativeTarget "calculatorTests" */;
			buildPhases = (
				F40490D21D02C0A50023687B /* Sources */,
				F40490D31D02C0A50023687B /* Frameworks */,
				F40490D41D02C0A50023687B /* Resources */,
			);
			buildRules = (
			);
			dependencies = (
				F40490D81D02C0A50023687B /* PBXTargetDependency */,
			);
			name = calculatorTests;
			productName = calculatorTests;
			productReference = F40490D61D02C0A50023687B /* calculatorTests.xctest */;
			productType = "com.apple.product-type.bundle.unit-test";
		};
		F40490E01D02C0A50023687B /* calculatorUITests */ = {
			isa = PBXNativeTarget;
			buildConfigurationList = F40490F01D02C0A50023687B /* Build configuration list for PBXNativeTarget "calculatorUITests" */;
			buildPhases = (
				F40490DD1D02C0A50023687B /* Sources */,
				F40490DE1D02C0A50023687B /* Frameworks */,
				F40490DF1D02C0A50023687B /* Resources */,
			);
			buildRules = (
			);
			dependencies = (
				F40490E31D02C0A50023687B /* PBXTargetDependency */,
			);
			name = calculatorUITests;
			productName = calculatorUITests;
			productReference = F40490E11D02C0A50023687B /* calculatorUITests.xctest */;
			productType = "com.apple.product-type.bundle.ui-testing";
		};
/* End PBXNativeTarget section */

/* Begin PBXProject section */
		F40490BA1D02C0A50023687B /* Project object */ = {
			isa = PBXProject;
			attributes = {
				LastSwiftUpdateCheck = 0730;
				LastUpgradeCheck = 0730;
				ORGANIZATIONNAME = "内山香";
				TargetAttributes = {
					F40490C11D02C0A50023687B = {
						CreatedOnToolsVersion = 7.3.1;
					};
					F40490D51D02C0A50023687B = {
						CreatedOnToolsVersion = 7.3.1;
						TestTargetID = F40490C11D02C0A50023687B;
					};
					F40490E01D02C0A50023687B = {
						CreatedOnToolsVersion = 7.3.1;
						TestTargetID = F40490C11D02C0A50023687B;
					};
				};
			};
			buildConfigurationList = F40490BD1D02C0A50023687B /* Build configuration list for PBXProject "calculator" */;
			compatibilityVersion = "Xcode 3.2";
			developmentRegion = English;
			hasScannedForEncodings = 0;
			knownRegions = (
				en,
				Base,
			);
			mainGroup = F40490B91D02C0A50023687B;
			productRefGroup = F40490C31D02C0A50023687B /* Products */;
			projectDirPath = "";
			projectRoot = "";
			targets = (
				F40490C11D02C0A50023687B /* calculator */,
				F40490D51D02C0A50023687B /* calculatorTests */,
				F40490E01D02C0A50023687B /* calculatorUITests */,
			);
		};
/* End PBXProject section */

/* Begin PBXResourcesBuildPhase section */
		F40490C01D02C0A50023687B /* Resources */ = {
			isa = PBXResourcesBuildPhase;
			buildActionMask = 2147483647;
			files = (
				F40490D01D02C0A50023687B /* LaunchScreen.storyboard in Resources */,
				F40490CD1D02C0A50023687B /* Assets.xcassets in Resources */,
				F40490CB1D02C0A50023687B /* Main.storyboard in Resources */,
			);
			runOnlyForDeploymentPostprocessing = 0;
		};
		F40490D41D02C0A50023687B /* Resources */ = {
			isa = PBXResourcesBuildPhase;
			buildActionMask = 2147483647;
			files = (
			);
			runOnlyForDeploymentPostprocessing = 0;
		};
		F40490DF1D02C0A50023687B /* Resources */ = {
			isa = PBXResourcesBuildPhase;
			buildActionMask = 2147483647;
			files = (
			);
			runOnlyForDeploymentPostprocessing = 0;
		};
/* End PBXResourcesBuildPhase section */

/* Begin PBXSourcesBuildPhase section */
		F40490BE1D02C0A50023687B /* Sources */ = {
			isa = PBXSourcesBuildPhase;
			buildActionMask = 2147483647;
			files = (
				F40490C81D02C0A50023687B /* ViewController.swift in Sources */,
				F40490C61D02C0A50023687B /* AppDelegate.swift in Sources */,
			);
			runOnlyForDeploymentPostprocessing = 0;
		};
		F40490D21D02C0A50023687B /* Sources */ = {
			isa = PBXSourcesBuildPhase;
			buildActionMask = 2147483647;
			files = (
				F40490DB1D02C0A50023687B /* calculatorTests.swift in Sources */,
			);
			runOnlyForDeploymentPostprocessing = 0;
		};
		F40490DD1D02C0A50023687B /* Sources */ = {
			isa = PBXSourcesBuildPhase;
			buildActionMask = 2147483647;
			files = (
				F40490E61D02C0A50023687B /* calculatorUITests.swift in Sources */,
			);
			runOnlyForDeploymentPostprocessing = 0;
		};
/* End PBXSourcesBuildPhase section */

/* Begin PBXTargetDependency section */
		F40490D81D02C0A50023687B /* PBXTargetDependency */ = {
			isa = PBXTargetDependency;
			target = F40490C11D02C0A50023687B /* calculator */;
			targetProxy = F40490D71D02C0A50023687B /* PBXContainerItemProxy */;
		};
		F40490E31D02C0A50023687B /* PBXTargetDependency */ = {
			isa = PBXTargetDependency;
			target = F40490C11D02C0A50023687B /* calculator */;
			targetProxy = F40490E21D02C0A50023687B /* PBXContainerItemProxy */;
		};
/* End PBXTargetDependency section */

/* Begin PBXVariantGroup section */
		F40490C91D02C0A50023687B /* Main.storyboard */ = {
			isa = PBXVariantGroup;
			children = (
				F40490CA1D02C0A50023687B /* Base */,
			);
			name = Main.storyboard;
			sourceTree = "<group>";
		};
		F40490CE1D02C0A50023687B /* LaunchScreen.storyboard */ = {
			isa = PBXVariantGroup;
			children = (
				F40490CF1D02C0A50023687B /* Base */,
			);
			name = LaunchScreen.storyboard;
			sourceTree = "<group>";
		};
/* End PBXVariantGroup section */

/* Begin XCBuildConfiguration section */
		F40490E81D02C0A50023687B /* Debug */ = {
			isa = XCBuildConfiguration;
			buildSettings = {
				ALWAYS_SEARCH_USER_PATHS = NO;
				CLANG_ANALYZER_NONNULL = YES;
				CLANG_CXX_LANGUAGE_STANDARD = "gnu++0x";
				CLANG_CXX_LIBRARY = "libc++";
				CLANG_ENABLE_MODULES = YES;
				CLANG_ENABLE_OBJC_ARC = YES;
				CLANG_WARN_BOOL_CONVERSION = YES;
				CLANG_WARN_CONSTANT_CONVERSION = YES;
				CLANG_WARN_DIRECT_OBJC_ISA_USAGE = YES_ERROR;
				CLANG_WARN_EMPTY_BODY = YES;
				CLANG_WARN_ENUM_CONVERSION = YES;
				CLANG_WARN_INT_CONVERSION = YES;
				CLANG_WARN_OBJC_ROOT_CLASS = YES_ERROR;
				CLANG_WARN_UNREACHABLE_CODE = YES;
				CLANG_WARN__DUPLICATE_METHOD_MATCH = YES;
				"CODE_SIGN_IDENTITY[sdk=iphoneos*]" = "iPhone Developer";
				COPY_PHASE_STRIP = NO;
				DEBUG_INFORMATION_FORMAT = dwarf;
				ENABLE_STRICT_OBJC_MSGSEND = YES;
				ENABLE_TESTABILITY = YES;
				GCC_C_LANGUAGE_STANDARD = gnu99;
				GCC_DYNAMIC_NO_PIC = NO;
				GCC_NO_COMMON_BLOCKS = YES;
				GCC_OPTIMIZATION_LEVEL = 0;
				GCC_PREPROCESSOR_DEFINITIONS = (
					"DEBUG=1",
					"$(inherited)",
				);
				GCC_WARN_64_TO_32_BIT_CONVERSION = YES;
				GCC_WARN_ABOUT_RETURN_TYPE = YES_ERROR;
				GCC_WARN_UNDECLARED_SELECTOR = YES;
				GCC_WARN_UNINITIALIZED_AUTOS = YES_AGGRESSIVE;
				GCC_WARN_UNUSED_FUNCTION = YES;
				GCC_WARN_UNUSED_VARIABLE = YES;
				IPHONEOS_DEPLOYMENT_TARGET = 9.3;
				MTL_ENABLE_DEBUG_INFO = YES;
				ONLY_ACTIVE_ARCH = YES;
				SDKROOT = iphoneos;
				SWIFT_OPTIMIZATION_LEVEL = "-Onone";
				TARGETED_DEVICE_FAMILY = "1,2";
			};
			name = Debug;
		};
		F40490E91D02C0A50023687B /* Release */ = {
			isa = XCBuildConfiguration;
			buildSettings = {
				ALWAYS_SEARCH_USER_PATHS = NO;
				CLANG_ANALYZER_NONNULL = YES;
				CLANG_CXX_LANGUAGE_STANDARD = "gnu++0x";
				CLANG_CXX_LIBRARY = "libc++";
				CLANG_ENABLE_MODULES = YES;
				CLANG_ENABLE_OBJC_ARC = YES;
				CLANG_WARN_BOOL_CONVERSION = YES;
				CLANG_WARN_CONSTANT_CONVERSION = YES;
				CLANG_WARN_DIRECT_OBJC_ISA_USAGE = YES_ERROR;
				CLANG_WARN_EMPTY_BODY = YES;
				CLANG_WARN_ENUM_CONVERSION = YES;
				CLANG_WARN_INT_CONVERSION = YES;
				CLANG_WARN_OBJC_ROOT_CLASS = YES_ERROR;
				CLANG_WARN_UNREACHABLE_CODE = YES;
				CLANG_WARN__DUPLICATE_METHOD_MATCH = YES;
				"CODE_SIGN_IDENTITY[sdk=iphoneos*]" = "iPhone Developer";
				COPY_PHASE_STRIP = NO;
				DEBUG_INFORMATION_FORMAT = "dwarf-with-dsym";
				ENABLE_NS_ASSERTIONS = NO;
				ENABLE_STRICT_OBJC_MSGSEND = YES;
				GCC_C_LANGUAGE_STANDARD = gnu99;
				GCC_NO_COMMON_BLOCKS = YES;
				GCC_WARN_64_TO_32_BIT_CONVERSION = YES;
				GCC_WARN_ABOUT_RETURN_TYPE = YES_ERROR;
				GCC_WARN_UNDECLARED_SELECTOR = YES;
				GCC_WARN_UNINITIALIZED_AUTOS = YES_AGGRESSIVE;
				GCC_WARN_UNUSED_FUNCTION = YES;
				GCC_WARN_UNUSED_VARIABLE = YES;
				IPHONEOS_DEPLOYMENT_TARGET = 9.3;
				MTL_ENABLE_DEBUG_INFO = NO;
				SDKROOT = iphoneos;
				TARGETED_DEVICE_FAMILY = "1,2";
				VALIDATE_PRODUCT = YES;
			};
			name = Release;
		};
		F40490EB1D02C0A50023687B /* Debug */ = {
			isa = XCBuildConfiguration;
			buildSettings = {
				ASSETCATALOG_COMPILER_APPICON_NAME = AppIcon;
				INFOPLIST_FILE = calculator/Info.plist;
				LD_RUNPATH_SEARCH_PATHS = "$(inherited) @executable_path/Frameworks";
				PRODUCT_BUNDLE_IDENTIFIER = litech.com.calculator;
				PRODUCT_NAME = "$(TARGET_NAME)";
			};
			name = Debug;
		};
		F40490EC1D02C0A50023687B /* Release */ = {
			isa = XCBuildConfiguration;
			buildSettings = {
				ASSETCATALOG_COMPILER_APPICON_NAME = AppIcon;
				INFOPLIST_FILE = calculator/Info.plist;
				LD_RUNPATH_SEARCH_PATHS = "$(inherited) @executable_path/Frameworks";
				PRODUCT_BUNDLE_IDENTIFIER = litech.com.calculator;
				PRODUCT_NAME = "$(TARGET_NAME)";
			};
			name = Release;
		};
		F40490EE1D02C0A50023687B /* Debug */ = {
			isa = XCBuildConfiguration;
			buildSettings = {
				BUNDLE_LOADER = "$(TEST_HOST)";
				INFOPLIST_FILE = calculatorTests/Info.plist;
				LD_RUNPATH_SEARCH_PATHS = "$(inherited) @executable_path/Frameworks @loader_path/Frameworks";
				PRODUCT_BUNDLE_IDENTIFIER = litech.com.calculatorTests;
				PRODUCT_NAME = "$(TARGET_NAME)";
				TEST_HOST = "$(BUILT_PRODUCTS_DIR)/calculator.app/calculator";
			};
			name = Debug;
		};
		F40490EF1D02C0A50023687B /* Release */ = {
			isa = XCBuildConfiguration;
			buildSettings = {
				BUNDLE_LOADER = "$(TEST_HOST)";
				INFOPLIST_FILE = calculatorTests/Info.plist;
				LD_RUNPATH_SEARCH_PATHS = "$(inherited) @executable_path/Frameworks @loader_path/Frameworks";
				PRODUCT_BUNDLE_IDENTIFIER = litech.com.calculatorTests;
				PRODUCT_NAME = "$(TARGET_NAME)";
				TEST_HOST = "$(BUILT_PRODUCTS_DIR)/calculator.app/calculator";
			};
			name = Release;
		};
		F40490F11D02C0A50023687B /* Debug */ = {
			isa = XCBuildConfiguration;
			buildSettings = {
				INFOPLIST_FILE = calculatorUITests/Info.plist;
				LD_RUNPATH_SEARCH_PATHS = "$(inherited) @executable_path/Frameworks @loader_path/Frameworks";
				PRODUCT_BUNDLE_IDENTIFIER = litech.com.calculatorUITests;
				PRODUCT_NAME = "$(TARGET_NAME)";
				TEST_TARGET_NAME = calculator;
			};
			name = Debug;
		};
		F40490F21D02C0A50023687B /* Release */ = {
			isa = XCBuildConfiguration;
			buildSettings = {
				INFOPLIST_FILE = calculatorUITests/Info.plist;
				LD_RUNPATH_SEARCH_PATHS = "$(inherited) @executable_path/Frameworks @loader_path/Frameworks";
				PRODUCT_BUNDLE_IDENTIFIER = litech.com.calculatorUITests;
				PRODUCT_NAME = "$(TARGET_NAME)";
				TEST_TARGET_NAME = calculator;
			};
			name = Release;
		};
/* End XCBuildConfiguration section */

/* Begin XCConfigurationList section */
		F40490BD1D02C0A50023687B /* Build configuration list for PBXProject "calculator" */ = {
			isa = XCConfigurationList;
			buildConfigurations = (
				F40490E81D02C0A50023687B /* Debug */,
				F40490E91D02C0A50023687B /* Release */,
			);
			defaultConfigurationIsVisible = 0;
			defaultConfigurationName = Release;
		};
		F40490EA1D02C0A50023687B /* Build configuration list for PBXNativeTarget "calculator" */ = {
			isa = XCConfigurationList;
			buildConfigurations = (
				F40490EB1D02C0A50023687B /* Debug */,
				F40490EC1D02C0A50023687B /* Release */,
			);
			defaultConfigurationIsVisible = 0;
		};
		F40490ED1D02C0A50023687B /* Build configuration list for PBXNativeTarget "calculatorTests" */ = {
			isa = XCConfigurationList;
			buildConfigurations = (
				F40490EE1D02C0A50023687B /* Debug */,
				F40490EF1D02C0A50023687B /* Release */,
			);
			defaultConfigurationIsVisible = 0;
		};
		F40490F01D02C0A50023687B /* Build configuration list for PBXNativeTarget "calculatorUITests" */ = {
			isa = XCConfigurationList;
			buildConfigurations = (
				F40490F11D02C0A50023687B /* Debug */,
				F40490F21D02C0A50023687B /* Release */,
			);
			defaultConfigurationIsVisible = 0;
		};
/* End XCConfigurationList section */
	};
	rootObject = F40490BA1D02C0A50023687B /* Project object */;
}
